[[package]]
category = "main"
description = "Python command-line parsing library"
name = "argparse"
optional = false
python-versions = "*"
version = "1.4.0"

[[package]]
category = "main"
description = "This package provides a DateTime data type, as known from Zope. Unless you need to communicate with Zope APIs, you're probably better off using Python's built-in datetime module."
name = "datetime"
optional = false
python-versions = "*"
version = "4.3"

[package.dependencies]
pytz = "*"
"zope.interface" = "*"

[[package]]
category = "main"
description = "NumPy is the fundamental package for array computing with Python."
name = "numpy"
optional = false
python-versions = ">=3.5"
version = "1.18.3"

[[package]]
category = "main"
description = "MQTT version 3.1.1 client class"
name = "paho.mqtt"
optional = false
python-versions = "*"
version = "1.5.0"

[package.extras]
proxy = ["pysocks"]

[[package]]
category = "main"
description = "Powerful data structures for data analysis, time series, and statistics"
name = "pandas"
optional = false
python-versions = ">=3.6.1"
version = "1.0.3"

[package.dependencies]
numpy = ">=1.13.3"
python-dateutil = ">=2.6.1"
pytz = ">=2017.2"

[package.extras]
test = ["pytest (>=4.0.2)", "pytest-xdist", "hypothesis (>=3.58)"]

[[package]]
category = "main"
description = "Extensions to the standard Python datetime module"
name = "python-dateutil"
optional = false
python-versions = "!=3.0.*,!=3.1.*,!=3.2.*,>=2.7"
version = "2.8.1"

[package.dependencies]
six = ">=1.5"

[[package]]
category = "main"
description = "World timezone definitions, modern and historical"
name = "pytz"
optional = false
python-versions = "*"
version = "2019.3"

[[package]]
category = "main"
description = "Python 2 and 3 compatibility utilities"
name = "six"
optional = false
python-versions = ">=2.7, !=3.0.*, !=3.1.*, !=3.2.*"
version = "1.14.0"

[[package]]
category = "main"
description = "Interfaces for Python"
name = "zope.interface"
optional = false
python-versions = ">=2.7, !=3.0.*, !=3.1.*, !=3.2.*, !=3.3.*, !=3.4.*"
version = "5.1.0"

[package.dependencies]
setuptools = "*"

[package.extras]
docs = ["sphinx", "repoze.sphinx.autointerface"]
test = ["coverage (>=5.0.3)", "zope.event", "zope.testing"]
testing = ["coverage (>=5.0.3)", "zope.event", "zope.testing"]

[metadata]
content-hash = "1029719c02db4f35de597740bf832b2a87c3107ec96ee5b8fdfdbcd7051e98fc"
python-versions = "^3.8"

[metadata.files]
argparse = [
    {file = "argparse-1.4.0-py2.py3-none-any.whl", hash = "sha256:c31647edb69fd3d465a847ea3157d37bed1f95f19760b11a47aa91c04b666314"},
    {file = "argparse-1.4.0.tar.gz", hash = "sha256:62b089a55be1d8949cd2bc7e0df0bddb9e028faefc8c32038cc84862aefdd6e4"},
]
datetime = [
    {file = "DateTime-4.3-py2.py3-none-any.whl", hash = "sha256:371dba07417b929a4fa685c2f7a3eaa6a62d60c02947831f97d4df9a9e70dfd0"},
    {file = "DateTime-4.3.tar.gz", hash = "sha256:5cef605bab8259ff61281762cdf3290e459fbf0b4719951d5fab967d5f2ea0ea"},
]
numpy = [
    {file = "numpy-1.18.3-cp35-cp35m-macosx_10_9_intel.whl", hash = "sha256:a6bc9432c2640b008d5f29bad737714eb3e14bb8854878eacf3d7955c4e91c36"},
    {file = "numpy-1.18.3-cp35-cp35m-manylinux1_i686.whl", hash = "sha256:48e15612a8357393d176638c8f68a19273676877caea983f8baf188bad430379"},
    {file = "numpy-1.18.3-cp35-cp35m-manylinux1_x86_64.whl", hash = "sha256:eb2286249ebfe8fcb5b425e5ec77e4736d53ee56d3ad296f8947f67150f495e3"},
    {file = "numpy-1.18.3-cp35-cp35m-win32.whl", hash = "sha256:1e37626bcb8895c4b3873fcfd54e9bfc5ffec8d0f525651d6985fcc5c6b6003c"},
    {file = "numpy-1.18.3-cp35-cp35m-win_amd64.whl", hash = "sha256:163c78c04f47f26ca1b21068cea25ed7c5ecafe5f5ab2ea4895656a750582b56"},
    {file = "numpy-1.18.3-cp36-cp36m-macosx_10_9_x86_64.whl", hash = "sha256:3d9e1554cd9b5999070c467b18e5ae3ebd7369f02706a8850816f576a954295f"},
    {file = "numpy-1.18.3-cp36-cp36m-manylinux1_i686.whl", hash = "sha256:40c24960cd5cec55222963f255858a1c47c6fa50a65a5b03fd7de75e3700eaaa"},
    {file = "numpy-1.18.3-cp36-cp36m-manylinux1_x86_64.whl", hash = "sha256:a551d8cc267c634774830086da42e4ba157fa41dd3b93982bc9501b284b0c689"},
    {file = "numpy-1.18.3-cp36-cp36m-win32.whl", hash = "sha256:0aa2b318cf81eb1693fcfcbb8007e95e231d7e1aa24288137f3b19905736c3ee"},
    {file = "numpy-1.18.3-cp36-cp36m-win_amd64.whl", hash = "sha256:a41f303b3f9157a31ce7203e3ca757a0c40c96669e72d9b6ee1bce8507638970"},
    {file = "numpy-1.18.3-cp37-cp37m-macosx_10_9_x86_64.whl", hash = "sha256:e607b8cdc2ae5d5a63cd1bec30a15b5ed583ac6a39f04b7ba0f03fcfbf29c05b"},
    {file = "numpy-1.18.3-cp37-cp37m-manylinux1_i686.whl", hash = "sha256:fdee7540d12519865b423af411bd60ddb513d2eb2cd921149b732854995bbf8b"},
    {file = "numpy-1.18.3-cp37-cp37m-manylinux1_x86_64.whl", hash = "sha256:6725d2797c65598778409aba8cd67077bb089d5b7d3d87c2719b206dc84ec05e"},
    {file = "numpy-1.18.3-cp37-cp37m-win32.whl", hash = "sha256:4847f0c993298b82fad809ea2916d857d0073dc17b0510fbbced663b3265929d"},
    {file = "numpy-1.18.3-cp37-cp37m-win_amd64.whl", hash = "sha256:46f404314dbec78cb342904f9596f25f9b16e7cf304030f1339e553c8e77f51c"},
    {file = "numpy-1.18.3-cp38-cp38-macosx_10_9_x86_64.whl", hash = "sha256:264fd15590b3f02a1fbc095e7e1f37cdac698ff3829e12ffdcffdce3772f9d44"},
    {file = "numpy-1.18.3-cp38-cp38-manylinux1_i686.whl", hash = "sha256:e94a39d5c40fffe7696009dbd11bc14a349b377e03a384ed011e03d698787dd3"},
    {file = "numpy-1.18.3-cp38-cp38-manylinux1_x86_64.whl", hash = "sha256:a4305564e93f5c4584f6758149fd446df39fd1e0a8c89ca0deb3cce56106a027"},
    {file = "numpy-1.18.3-cp38-cp38-win32.whl", hash = "sha256:99f0ba97e369f02a21bb95faa3a0de55991fd5f0ece2e30a9e2eaebeac238921"},
    {file = "numpy-1.18.3-cp38-cp38-win_amd64.whl", hash = "sha256:c60175d011a2e551a2f74c84e21e7c982489b96b6a5e4b030ecdeacf2914da68"},
    {file = "numpy-1.18.3.zip", hash = "sha256:e46e2384209c91996d5ec16744234d1c906ab79a701ce1a26155c9ec890b8dc8"},
]
"paho.mqtt" = [
    {file = "paho-mqtt-1.5.0.tar.gz", hash = "sha256:e3d286198baaea195c8b3bc221941d25a3ab0e1507fc1779bdb7473806394be4"},
]
pandas = [
    {file = "pandas-1.0.3-cp36-cp36m-macosx_10_9_x86_64.whl", hash = "sha256:d234bcf669e8b4d6cbcd99e3ce7a8918414520aeb113e2a81aeb02d0a533d7f7"},
    {file = "pandas-1.0.3-cp36-cp36m-manylinux1_i686.whl", hash = "sha256:ca84a44cf727f211752e91eab2d1c6c1ab0f0540d5636a8382a3af428542826e"},
    {file = "pandas-1.0.3-cp36-cp36m-manylinux1_x86_64.whl", hash = "sha256:1fa4bae1a6784aa550a1c9e168422798104a85bf9c77a1063ea77ee6f8452e3a"},
    {file = "pandas-1.0.3-cp36-cp36m-win32.whl", hash = "sha256:863c3e4b7ae550749a0bb77fa22e601a36df9d2905afef34a6965bed092ba9e5"},
    {file = "pandas-1.0.3-cp36-cp36m-win_amd64.whl", hash = "sha256:a210c91a02ec5ff05617a298ad6f137b9f6f5771bf31f2d6b6367d7f71486639"},
    {file = "pandas-1.0.3-cp37-cp37m-macosx_10_9_x86_64.whl", hash = "sha256:11c7cb654cd3a0e9c54d81761b5920cdc86b373510d829461d8f2ed6d5905266"},
    {file = "pandas-1.0.3-cp37-cp37m-manylinux1_i686.whl", hash = "sha256:6597df07ea361231e60c00692d8a8099b519ed741c04e65821e632bc9ccb924c"},
    {file = "pandas-1.0.3-cp37-cp37m-manylinux1_x86_64.whl", hash = "sha256:743bba36e99d4440403beb45a6f4f3a667c090c00394c176092b0b910666189b"},
    {file = "pandas-1.0.3-cp37-cp37m-win32.whl", hash = "sha256:07c1b58936b80eafdfe694ce964ac21567b80a48d972879a359b3ebb2ea76835"},
    {file = "pandas-1.0.3-cp37-cp37m-win_amd64.whl", hash = "sha256:12f492dd840e9db1688126216706aa2d1fcd3f4df68a195f9479272d50054645"},
    {file = "pandas-1.0.3-cp38-cp38-macosx_10_9_x86_64.whl", hash = "sha256:0ebe327fb088df4d06145227a4aa0998e4f80a9e6aed4b61c1f303bdfdf7c722"},
    {file = "pandas-1.0.3-cp38-cp38-manylinux1_i686.whl", hash = "sha256:858a0d890d957ae62338624e4aeaf1de436dba2c2c0772570a686eaca8b4fc85"},
    {file = "pandas-1.0.3-cp38-cp38-manylinux1_x86_64.whl", hash = "sha256:387dc7b3c0424327fe3218f81e05fc27832772a5dffbed385013161be58df90b"},
    {file = "pandas-1.0.3-cp38-cp38-win32.whl", hash = "sha256:167a1315367cea6ec6a5e11e791d9604f8e03f95b57ad227409de35cf850c9c5"},
    {file = "pandas-1.0.3-cp38-cp38-win_amd64.whl", hash = "sha256:1a7c56f1df8d5ad8571fa251b864231f26b47b59cbe41aa5c0983d17dbb7a8e4"},
    {file = "pandas-1.0.3.tar.gz", hash = "sha256:32f42e322fb903d0e189a4c10b75ba70d90958cc4f66a1781ed027f1a1d14586"},
]
python-dateutil = [
    {file = "python-dateutil-2.8.1.tar.gz", hash = "sha256:73ebfe9dbf22e832286dafa60473e4cd239f8592f699aa5adaf10050e6e1823c"},
    {file = "python_dateutil-2.8.1-py2.py3-none-any.whl", hash = "sha256:75bb3f31ea686f1197762692a9ee6a7550b59fc6ca3a1f4b5d7e32fb98e2da2a"},
]
pytz = [
    {file = "pytz-2019.3-py2.py3-none-any.whl", hash = "sha256:1c557d7d0e871de1f5ccd5833f60fb2550652da6be2693c1e02300743d21500d"},
    {file = "pytz-2019.3.tar.gz", hash = "sha256:b02c06db6cf09c12dd25137e563b31700d3b80fcc4ad23abb7a315f2789819be"},
]
six = [
    {file = "six-1.14.0-py2.py3-none-any.whl", hash = "sha256:8f3cd2e254d8f793e7f3d6d9df77b92252b52637291d0f0da013c76ea2724b6c"},
    {file = "six-1.14.0.tar.gz", hash = "sha256:236bdbdce46e6e6a3d61a337c0f8b763ca1e8717c03b369e87a7ec7ce1319c0a"},
]
"zope.interface" = [
    {file = "zope.interface-5.1.0-cp27-cp27m-macosx_10_9_x86_64.whl", hash = "sha256:645a7092b77fdbc3f68d3cc98f9d3e71510e419f54019d6e282328c0dd140dcd"},
    {file = "zope.interface-5.1.0-cp27-cp27m-manylinux1_i686.whl", hash = "sha256:d1fe9d7d09bb07228650903d6a9dc48ea649e3b8c69b1d263419cc722b3938e8"},
    {file = "zope.interface-5.1.0-cp27-cp27m-manylinux1_x86_64.whl", hash = "sha256:a744132d0abaa854d1aad50ba9bc64e79c6f835b3e92521db4235a1991176813"},
    {file = "zope.interface-5.1.0-cp27-cp27m-manylinux2010_i686.whl", hash = "sha256:461d4339b3b8f3335d7e2c90ce335eb275488c587b61aca4b305196dde2ff086"},
    {file = "zope.interface-5.1.0-cp27-cp27m-manylinux2010_x86_64.whl", hash = "sha256:269b27f60bcf45438e8683269f8ecd1235fa13e5411de93dae3b9ee4fe7f7bc7"},
    {file = "zope.interface-5.1.0-cp27-cp27m-win32.whl", hash = "sha256:6874367586c020705a44eecdad5d6b587c64b892e34305bb6ed87c9bbe22a5e9"},
    {file = "zope.interface-5.1.0-cp27-cp27m-win_amd64.whl", hash = "sha256:8149ded7f90154fdc1a40e0c8975df58041a6f693b8f7edcd9348484e9dc17fe"},
    {file = "zope.interface-5.1.0-cp27-cp27mu-manylinux1_i686.whl", hash = "sha256:0103cba5ed09f27d2e3de7e48bb320338592e2fabc5ce1432cf33808eb2dfd8b"},
    {file = "zope.interface-5.1.0-cp27-cp27mu-manylinux1_x86_64.whl", hash = "sha256:b0becb75418f8a130e9d465e718316cd17c7a8acce6fe8fe07adc72762bee425"},
    {file = "zope.interface-5.1.0-cp27-cp27mu-manylinux2010_i686.whl", hash = "sha256:fb55c182a3f7b84c1a2d6de5fa7b1a05d4660d866b91dbf8d74549c57a1499e8"},
    {file = "zope.interface-5.1.0-cp27-cp27mu-manylinux2010_x86_64.whl", hash = "sha256:4f98f70328bc788c86a6a1a8a14b0ea979f81ae6015dd6c72978f1feff70ecda"},
    {file = "zope.interface-5.1.0-cp35-cp35m-macosx_10_6_intel.whl", hash = "sha256:af2c14efc0bb0e91af63d00080ccc067866fb8cbbaca2b0438ab4105f5e0f08d"},
    {file = "zope.interface-5.1.0-cp35-cp35m-manylinux1_i686.whl", hash = "sha256:f68bf937f113b88c866d090fea0bc52a098695173fc613b055a17ff0cf9683b6"},
    {file = "zope.interface-5.1.0-cp35-cp35m-manylinux1_x86_64.whl", hash = "sha256:d7804f6a71fc2dda888ef2de266727ec2f3915373d5a785ed4ddc603bbc91e08"},
    {file = "zope.interface-5.1.0-cp35-cp35m-manylinux2010_i686.whl", hash = "sha256:74bf0a4f9091131de09286f9a605db449840e313753949fe07c8d0fe7659ad1e"},
    {file = "zope.interface-5.1.0-cp35-cp35m-manylinux2010_x86_64.whl", hash = "sha256:ba4261c8ad00b49d48bbb3b5af388bb7576edfc0ca50a49c11dcb77caa1d897e"},
    {file = "zope.interface-5.1.0-cp35-cp35m-win32.whl", hash = "sha256:ebb4e637a1fb861c34e48a00d03cffa9234f42bef923aec44e5625ffb9a8e8f9"},
    {file = "zope.interface-5.1.0-cp35-cp35m-win_amd64.whl", hash = "sha256:911714b08b63d155f9c948da2b5534b223a1a4fc50bb67139ab68b277c938578"},
    {file = "zope.interface-5.1.0-cp36-cp36m-macosx_10_6_intel.whl", hash = "sha256:e74671e43ed4569fbd7989e5eecc7d06dc134b571872ab1d5a88f4a123814e9f"},
    {file = "zope.interface-5.1.0-cp36-cp36m-manylinux1_i686.whl", hash = "sha256:b1d2ed1cbda2ae107283befd9284e650d840f8f7568cb9060b5466d25dc48975"},
    {file = "zope.interface-5.1.0-cp36-cp36m-manylinux1_x86_64.whl", hash = "sha256:ef739fe89e7f43fb6494a43b1878a36273e5924869ba1d866f752c5812ae8d58"},
    {file = "zope.interface-5.1.0-cp36-cp36m-manylinux2010_i686.whl", hash = "sha256:eb9b92f456ff3ec746cd4935b73c1117538d6124b8617bc0fe6fda0b3816e345"},
    {file = "zope.interface-5.1.0-cp36-cp36m-manylinux2010_x86_64.whl", hash = "sha256:dcefc97d1daf8d55199420e9162ab584ed0893a109f45e438b9794ced44c9fd0"},
    {file = "zope.interface-5.1.0-cp36-cp36m-win32.whl", hash = "sha256:f40db0e02a8157d2b90857c24d89b6310f9b6c3642369852cdc3b5ac49b92afc"},
    {file = "zope.interface-5.1.0-cp36-cp36m-win_amd64.whl", hash = "sha256:14415d6979356629f1c386c8c4249b4d0082f2ea7f75871ebad2e29584bd16c5"},
    {file = "zope.interface-5.1.0-cp37-cp37m-macosx_10_9_x86_64.whl", hash = "sha256:5e86c66a6dea8ab6152e83b0facc856dc4d435fe0f872f01d66ce0a2131b7f1d"},
    {file = "zope.interface-5.1.0-cp37-cp37m-manylinux1_i686.whl", hash = "sha256:39106649c3082972106f930766ae23d1464a73b7d30b3698c986f74bf1256a34"},
    {file = "zope.interface-5.1.0-cp37-cp37m-manylinux1_x86_64.whl", hash = "sha256:8cccf7057c7d19064a9e27660f5aec4e5c4001ffcf653a47531bde19b5aa2a8a"},
    {file = "zope.interface-5.1.0-cp37-cp37m-manylinux2010_i686.whl", hash = "sha256:562dccd37acec149458c1791da459f130c6cf8902c94c93b8d47c6337b9fb826"},
    {file = "zope.interface-5.1.0-cp37-cp37m-manylinux2010_x86_64.whl", hash = "sha256:da2844fba024dd58eaa712561da47dcd1e7ad544a257482392472eae1c86d5e5"},
    {file = "zope.interface-5.1.0-cp37-cp37m-win32.whl", hash = "sha256:1ae4693ccee94c6e0c88a4568fb3b34af8871c60f5ba30cf9f94977ed0e53ddd"},
    {file = "zope.interface-5.1.0-cp37-cp37m-win_amd64.whl", hash = "sha256:dd98c436a1fc56f48c70882cc243df89ad036210d871c7427dc164b31500dc11"},
    {file = "zope.interface-5.1.0-cp38-cp38-macosx_10_9_x86_64.whl", hash = "sha256:1b87ed2dc05cb835138f6a6e3595593fea3564d712cb2eb2de963a41fd35758c"},
    {file = "zope.interface-5.1.0-cp38-cp38-manylinux1_i686.whl", hash = "sha256:558a20a0845d1a5dc6ff87cd0f63d7dac982d7c3be05d2ffb6322a87c17fa286"},
    {file = "zope.interface-5.1.0-cp38-cp38-manylinux1_x86_64.whl", hash = "sha256:7b726194f938791a6691c7592c8b9e805fc6d1b9632a833b9c0640828cd49cbc"},
    {file = "zope.interface-5.1.0-cp38-cp38-manylinux2010_i686.whl", hash = "sha256:60a207efcd8c11d6bbeb7862e33418fba4e4ad79846d88d160d7231fcb42a5ee"},
    {file = "zope.interface-5.1.0-cp38-cp38-manylinux2010_x86_64.whl", hash = "sha256:b054eb0a8aa712c8e9030065a59b5e6a5cf0746ecdb5f087cca5ec7685690c19"},
    {file = "zope.interface-5.1.0-cp38-cp38-win32.whl", hash = "sha256:27d287e61639d692563d9dab76bafe071fbeb26818dd6a32a0022f3f7ca884b5"},
    {file = "zope.interface-5.1.0-cp38-cp38-win_amd64.whl", hash = "sha256:a5f8f85986197d1dd6444763c4a15c991bfed86d835a1f6f7d476f7198d5f56a"},
    {file = "zope.interface-5.1.0.tar.gz", hash = "sha256:40e4c42bd27ed3c11b2c983fecfb03356fae1209de10686d03c02c8696a1d90e"},
]
