# This file is automatically @generated by Poetry 1.5.1 and should not be changed by hand.

[[package]]
name = "libusb"
version = "1.0.27"
description = "Python binding for the libusb C library."
optional = false
python-versions = "<4.0.0,>=3.8.1"
files = [
    {file = "libusb-1.0.27-py3-none-any.whl", hash = "sha256:cf547ebd01044014f2073ffea58a1b4c0172b958e3aed36c1d42e683eed71114"},
    {file = "libusb-1.0.27.zip", hash = "sha256:3f8055df52d797d2da70ff3b9983e51ab6299c915afdea26988146ec7f6a4170"},
]

[package.dependencies]
pkg-about = ">=1.1.5"
setuptools = ">=68.2.2"

[package.extras]
doc = ["Sphinx (>=7.1.2)", "nbsphinx (>=0.8.10)", "restructuredtext-lint (>=1.4.0)", "sphinx-copybutton (>=0.5.1)", "sphinx-lint (>=0.6.7)", "sphinx-tabs (>=3.4.1)", "sphinx-toolbox (>=3.5.0)", "sphinxcontrib-spelling (>=7.7.0)"]
test = ["deepdiff (>=6.7.1)", "rich (>=13.7.0)"]

[[package]]
name = "openant"
version = "1.3.1"
description = "ANT, ANT-FS and ANT+ Python Library"
optional = false
python-versions = ">=3.7"
files = [
    {file = "openant-1.3.1-py3-none-any.whl", hash = "sha256:8127cc961fa6e400accee576c78bebda8d0a984d232c4ce833d6aac0b192b4fd"},
    {file = "openant-1.3.1.tar.gz", hash = "sha256:be3cbc35c02e6d4589fe821cad82c383acb63b91887b7f81557907992cf45bc0"},
]

[package.dependencies]
pyusb = ">=1.1.1"

[package.extras]
influx = ["influxdb-client"]
serial = ["pyserial"]

[[package]]
name = "packaging"
version = "23.2"
description = "Core utilities for Python packages"
optional = false
python-versions = ">=3.7"
files = [
    {file = "packaging-23.2-py3-none-any.whl", hash = "sha256:8c491190033a9af7e1d931d0b5dacc2ef47509b34dd0de67ed209b5203fc88c7"},
    {file = "packaging-23.2.tar.gz", hash = "sha256:048fb0e9405036518eaaf48a55953c750c11e1a1b68e0dd1a9d62ed0c092cfc5"},
]

[[package]]
name = "paho-mqtt"
version = "1.6.1"
description = "MQTT version 5.0/3.1.1 client class"
optional = false
python-versions = "*"
files = [
    {file = "paho-mqtt-1.6.1.tar.gz", hash = "sha256:2a8291c81623aec00372b5a85558a372c747cbca8e9934dfe218638b8eefc26f"},
]

[package.extras]
proxy = ["PySocks"]

[[package]]
name = "pkg-about"
version = "1.1.5"
description = "Shares Python package metadata at runtime."
optional = false
python-versions = "<4.0.0,>=3.8.1"
files = [
    {file = "pkg-about-1.1.5.zip", hash = "sha256:079bbe889baa1edbf80651a1756a98c417d2f3dfd2d3539798bc83390ada1dfa"},
    {file = "pkg_about-1.1.5-py3-none-any.whl", hash = "sha256:09caff4ae4cbec14b28579199106f295a62472c20c0621e358b9b12395e23ee4"},
]

[package.dependencies]
packaging = ">=23.2.0"
setuptools = ">=68.2.2"
tomli = {version = ">=2.0.1", markers = "python_version < \"3.11\""}

[package.extras]
doc = ["Sphinx (>=7.1.2)", "nbsphinx (>=0.8.10)", "restructuredtext-lint (>=1.4.0)", "sphinx-copybutton (>=0.5.1)", "sphinx-lint (>=0.6.7)", "sphinx-tabs (>=3.4.1)", "sphinx-toolbox (>=3.5.0)", "sphinxcontrib-spelling (>=7.7.0)"]
test = ["deepdiff (>=6.7.1)", "rich (>=13.7.0)"]

[[package]]
name = "pyusb"
version = "1.2.1"
description = "Python USB access module"
optional = false
python-versions = ">=3.6.0"
files = [
    {file = "pyusb-1.2.1-py3-none-any.whl", hash = "sha256:2b4c7cb86dbadf044dfb9d3a4ff69fd217013dbe78a792177a3feb172449ea36"},
    {file = "pyusb-1.2.1.tar.gz", hash = "sha256:a4cc7404a203144754164b8b40994e2849fde1cfff06b08492f12fff9d9de7b9"},
]

[[package]]
name = "setuptools"
version = "69.1.1"
description = "Easily download, build, install, upgrade, and uninstall Python packages"
optional = false
python-versions = ">=3.8"
files = [
    {file = "setuptools-69.1.1-py3-none-any.whl", hash = "sha256:02fa291a0471b3a18b2b2481ed902af520c69e8ae0919c13da936542754b4c56"},
    {file = "setuptools-69.1.1.tar.gz", hash = "sha256:5c0806c7d9af348e6dd3777b4f4dbb42c7ad85b190104837488eab9a7c945cf8"},
]

[package.extras]
docs = ["furo", "jaraco.packaging (>=9.3)", "jaraco.tidelift (>=1.4)", "pygments-github-lexers (==0.0.5)", "rst.linker (>=1.9)", "sphinx (<7.2.5)", "sphinx (>=3.5)", "sphinx-favicon", "sphinx-inline-tabs", "sphinx-lint", "sphinx-notfound-page (>=1,<2)", "sphinx-reredirects", "sphinxcontrib-towncrier"]
testing = ["build[virtualenv]", "filelock (>=3.4.0)", "flake8-2020", "ini2toml[lite] (>=0.9)", "jaraco.develop (>=7.21)", "jaraco.envs (>=2.2)", "jaraco.path (>=3.2.0)", "packaging (>=23.2)", "pip (>=19.1)", "pytest (>=6)", "pytest-checkdocs (>=2.4)", "pytest-cov", "pytest-enabler (>=2.2)", "pytest-home (>=0.5)", "pytest-mypy (>=0.9.1)", "pytest-perf", "pytest-ruff (>=0.2.1)", "pytest-timeout", "pytest-xdist", "tomli-w (>=1.0.0)", "virtualenv (>=13.0.0)", "wheel"]
testing-integration = ["build[virtualenv] (>=1.0.3)", "filelock (>=3.4.0)", "jaraco.envs (>=2.2)", "jaraco.path (>=3.2.0)", "packaging (>=23.2)", "pytest", "pytest-enabler", "pytest-xdist", "tomli", "virtualenv (>=13.0.0)", "wheel"]

[[package]]
name = "tomli"
version = "2.0.1"
description = "A lil' TOML parser"
optional = false
python-versions = ">=3.7"
files = [
    {file = "tomli-2.0.1-py3-none-any.whl", hash = "sha256:939de3e7a6161af0c887ef91b7d41a53e7c5a1ca976325f429cb46ea9bc30ecc"},
    {file = "tomli-2.0.1.tar.gz", hash = "sha256:de526c12914f0c550d15924c62d72abc48d6fe7364aa87328337a31007fe8a4f"},
]

[metadata]
lock-version = "2.0"
python-versions = ">=3.8.1,<4.0"
content-hash = "77a57a11275ab1ee7fa4f32f59346b854e7c0d9f535ff7d36cbdc7bbbbbaaff3"
